// !$*UTF8*$!
{
	archiveVersion = 1;
	classes = {
	};
	objectVersion = 46;
	objects = {

/* Begin PBXBuildFile section */
		CBE8B0601A0046160040F184 /* AppDelegate.swift in Sources */ = {isa = PBXBuildFile; fileRef = CBE8B05F1A0046160040F184 /* AppDelegate.swift */; };
		CBE8B0621A0046160040F184 /* ViewController.swift in Sources */ = {isa = PBXBuildFile; fileRef = CBE8B0611A0046160040F184 /* ViewController.swift */; };
		CBE8B0651A0046160040F184 /* Main.storyboard in Resources */ = {isa = PBXBuildFile; fileRef = CBE8B0631A0046160040F184 /* Main.storyboard */; };
		CBE8B0671A0046160040F184 /* Images.xcassets in Resources */ = {isa = PBXBuildFile; fileRef = CBE8B0661A0046160040F184 /* Images.xcassets */; };
		CBE8B06A1A0046160040F184 /* LaunchScreen.xib in Resources */ = {isa = PBXBuildFile; fileRef = CBE8B0681A0046160040F184 /* LaunchScreen.xib */; };
		CBE8B0761A0046160040F184 /* MacrocalcTests.swift in Sources */ = {isa = PBXBuildFile; fileRef = CBE8B0751A0046160040F184 /* MacrocalcTests.swift */; };
		CBE8B0801A0047A50040F184 /* close-enough.jpg in Resources */ = {isa = PBXBuildFile; fileRef = CBE8B07F1A0047A50040F184 /* close-enough.jpg */; };
		CBE8B0821A004B730040F184 /* Macro.swift in Sources */ = {isa = PBXBuildFile; fileRef = CBE8B0811A004B730040F184 /* Macro.swift */; };
		CBE8B0861A004FCE0040F184 /* MacroViewController.swift in Sources */ = {isa = PBXBuildFile; fileRef = CBE8B0851A004FCE0040F184 /* MacroViewController.swift */; };
		CBE8B0881A0052390040F184 /* Goal.swift in Sources */ = {isa = PBXBuildFile; fileRef = CBE8B0871A0052390040F184 /* Goal.swift */; };
/* End PBXBuildFile section */

/* Begin PBXContainerItemProxy section */
		CBE8B0701A0046160040F184 /* PBXContainerItemProxy */ = {
			isa = PBXContainerItemProxy;
			containerPortal = CBE8B0521A0046160040F184 /* Project object */;
			proxyType = 1;
			remoteGlobalIDString = CBE8B0591A0046160040F184;
			remoteInfo = Macrocalc;
		};
/* End PBXContainerItemProxy section */

/* Begin PBXFileReference section */
		CBE8B05A1A0046160040F184 /* Macrocalc.app */ = {isa = PBXFileReference; explicitFileType = wrapper.application; includeInIndex = 0; path = Macrocalc.app; sourceTree = BUILT_PRODUCTS_DIR; };
		CBE8B05E1A0046160040F184 /* Info.plist */ = {isa = PBXFileReference; lastKnownFileType = text.plist.xml; path = Info.plist; sourceTree = "<group>"; };
		CBE8B05F1A0046160040F184 /* AppDelegate.swift */ = {isa = PBXFileReference; lastKnownFileType = sourcecode.swift; path = AppDelegate.swift; sourceTree = "<group>"; };
		CBE8B0611A0046160040F184 /* ViewController.swift */ = {isa = PBXFileReference; lastKnownFileType = sourcecode.swift; path = ViewController.swift; sourceTree = "<group>"; };
		CBE8B0641A0046160040F184 /* Base */ = {isa = PBXFileReference; lastKnownFileType = file.storyboard; name = Base; path = Base.lproj/Main.storyboard; sourceTree = "<group>"; };
		CBE8B0661A0046160040F184 /* Images.xcassets */ = {isa = PBXFileReference; lastKnownFileType = folder.assetcatalog; path = Images.xcassets; sourceTree = "<group>"; };
		CBE8B0691A0046160040F184 /* Base */ = {isa = PBXFileReference; lastKnownFileType = file.xib; name = Base; path = Base.lproj/LaunchScreen.xib; sourceTree = "<group>"; };
		CBE8B06F1A0046160040F184 /* MacrocalcTests.xctest */ = {isa = PBXFileReference; explicitFileType = wrapper.cfbundle; includeInIndex = 0; path = MacrocalcTests.xctest; sourceTree = BUILT_PRODUCTS_DIR; };
		CBE8B0741A0046160040F184 /* Info.plist */ = {isa = PBXFileReference; lastKnownFileType = text.plist.xml; path = Info.plist; sourceTree = "<group>"; };
		CBE8B0751A0046160040F184 /* MacrocalcTests.swift */ = {isa = PBXFileReference; lastKnownFileType = sourcecode.swift; path = MacrocalcTests.swift; sourceTree = "<group>"; };
		CBE8B07F1A0047A50040F184 /* close-enough.jpg */ = {isa = PBXFileReference; lastKnownFileType = image.jpeg; name = "close-enough.jpg"; path = "../../../Desktop/close-enough.jpg"; sourceTree = "<group>"; };
		CBE8B0811A004B730040F184 /* Macro.swift */ = {isa = PBXFileReference; fileEncoding = 4; lastKnownFileType = sourcecode.swift; path = Macro.swift; sourceTree = "<group>"; };
		CBE8B0851A004FCE0040F184 /* MacroViewController.swift */ = {isa = PBXFileReference; fileEncoding = 4; lastKnownFileType = sourcecode.swift; path = MacroViewController.swift; sourceTree = "<group>"; };
		CBE8B0871A0052390040F184 /* Goal.swift */ = {isa = PBXFileReference; fileEncoding = 4; lastKnownFileType = sourcecode.swift; path = Goal.swift; sourceTree = "<group>"; };
/* End PBXFileReference section */

/* Begin PBXFrameworksBuildPhase section */
		CBE8B0571A0046160040F184 /* Frameworks */ = {
			isa = PBXFrameworksBuildPhase;
			buildActionMask = 2147483647;
			files = (
			);
			runOnlyForDeploymentPostprocessing = 0;
		};
		CBE8B06C1A0046160040F184 /* Frameworks */ = {
			isa = PBXFrameworksBuildPhase;
			buildActionMask = 2147483647;
			files = (
			);
			runOnlyForDeploymentPostprocessing = 0;
		};
/* End PBXFrameworksBuildPhase section */

/* Begin PBXGroup section */
		CBE8B0511A0046160040F184 = {
			isa = PBXGroup;
			children = (
				CBE8B05C1A0046160040F184 /* Macrocalc */,
				CBE8B0721A0046160040F184 /* MacrocalcTests */,
				CBE8B05B1A0046160040F184 /* Products */,
			);
			sourceTree = "<group>";
		};
		CBE8B05B1A0046160040F184 /* Products */ = {
			isa = PBXGroup;
			children = (
				CBE8B05A1A0046160040F184 /* Macrocalc.app */,
				CBE8B06F1A0046160040F184 /* MacrocalcTests.xctest */,
			);
			name = Products;
			sourceTree = "<group>";
		};
		CBE8B05C1A0046160040F184 /* Macrocalc */ = {
			isa = PBXGroup;
			children = (
				CBE8B05F1A0046160040F184 /* AppDelegate.swift */,
				CBE8B0611A0046160040F184 /* ViewController.swift */,
				CBE8B0871A0052390040F184 /* Goal.swift */,
				CBE8B0851A004FCE0040F184 /* MacroViewController.swift */,
				CBE8B0811A004B730040F184 /* Macro.swift */,
				CBE8B0631A0046160040F184 /* Main.storyboard */,
				CBE8B0661A0046160040F184 /* Images.xcassets */,
				CBE8B0681A0046160040F184 /* LaunchScreen.xib */,
				CBE8B05D1A0046160040F184 /* Supporting Files */,
			);
			path = Macrocalc;
			sourceTree = "<group>";
		};
		CBE8B05D1A0046160040F184 /* Supporting Files */ = {
			isa = PBXGroup;
			children = (
				CBE8B07F1A0047A50040F184 /* close-enough.jpg */,
				CBE8B05E1A0046160040F184 /* Info.plist */,
			);
			name = "Supporting Files";
			sourceTree = "<group>";
		};
		CBE8B0721A0046160040F184 /* MacrocalcTests */ = {
			isa = PBXGroup;
			children = (
				CBE8B0751A0046160040F184 /* MacrocalcTests.swift */,
				CBE8B0731A0046160040F184 /* Supporting Files */,
			);
			path = MacrocalcTests;
			sourceTree = "<group>";
		};
		CBE8B0731A0046160040F184 /* Supporting Files */ = {
			isa = PBXGroup;
			children = (
				CBE8B0741A0046160040F184 /* Info.plist */,
			);
			name = "Supporting Files";
			sourceTree = "<group>";
		};
/* End PBXGroup section */

/* Begin PBXNativeTarget section */
		CBE8B0591A0046160040F184 /* Macrocalc */ = {
			isa = PBXNativeTarget;
			buildConfigurationList = CBE8B0791A0046160040F184 /* Build configuration list for PBXNativeTarget "Macrocalc" */;
			buildPhases = (
				CBE8B0561A0046160040F184 /* Sources */,
				CBE8B0571A0046160040F184 /* Frameworks */,
				CBE8B0581A0046160040F184 /* Resources */,
			);
			buildRules = (
			);
			dependencies = (
			);
			name = Macrocalc;
			productName = Macrocalc;
			productReference = CBE8B05A1A0046160040F184 /* Macrocalc.app */;
			productType = "com.apple.product-type.application";
		};
		CBE8B06E1A0046160040F184 /* MacrocalcTests */ = {
			isa = PBXNativeTarget;
			buildConfigurationList = CBE8B07C1A0046160040F184 /* Build configuration list for PBXNativeTarget "MacrocalcTests" */;
			buildPhases = (
				CBE8B06B1A0046160040F184 /* Sources */,
				CBE8B06C1A0046160040F184 /* Frameworks */,
				CBE8B06D1A0046160040F184 /* Resources */,
			);
			buildRules = (
			);
			dependencies = (
				CBE8B0711A0046160040F184 /* PBXTargetDependency */,
			);
			name = MacrocalcTests;
			productName = MacrocalcTests;
			productReference = CBE8B06F1A0046160040F184 /* MacrocalcTests.xctest */;
			productType = "com.apple.product-type.bundle.unit-test";
		};
/* End PBXNativeTarget section */

/* Begin PBXProject section */
		CBE8B0521A0046160040F184 /* Project object */ = {
			isa = PBXProject;
			attributes = {
				LastUpgradeCheck = 0610;
				ORGANIZATIONNAME = home;
				TargetAttributes = {
					CBE8B0591A0046160040F184 = {
						CreatedOnToolsVersion = 6.1;
					};
					CBE8B06E1A0046160040F184 = {
						CreatedOnToolsVersion = 6.1;
						TestTargetID = CBE8B0591A0046160040F184;
					};
				};
			};
			buildConfigurationList = CBE8B0551A0046160040F184 /* Build configuration list for PBXProject "Macrocalc" */;
			compatibilityVersion = "Xcode 3.2";
			developmentRegion = English;
			hasScannedForEncodings = 0;
			knownRegions = (
				en,
				Base,
			);
			mainGroup = CBE8B0511A0046160040F184;
			productRefGroup = CBE8B05B1A0046160040F184 /* Products */;
			projectDirPath = "";
			projectRoot = "";
			targets = (
				CBE8B0591A0046160040F184 /* Macrocalc */,
				CBE8B06E1A0046160040F184 /* MacrocalcTests */,
			);
		};
/* End PBXProject section */

/* Begin PBXResourcesBuildPhase section */
		CBE8B0581A0046160040F184 /* Resources */ = {
			isa = PBXResourcesBuildPhase;
			buildActionMask = 2147483647;
			files = (
				CBE8B0801A0047A50040F184 /* close-enough.jpg in Resources */,
				CBE8B0651A0046160040F184 /* Main.storyboard in Resources */,
				CBE8B06A1A0046160040F184 /* LaunchScreen.xib in Resources */,
				CBE8B0671A0046160040F184 /* Images.xcassets in Resources */,
			);
			runOnlyForDeploymentPostprocessing = 0;
		};
		CBE8B06D1A0046160040F184 /* Resources */ = {
			isa = PBXResourcesBuildPhase;
			buildActionMask = 2147483647;
			files = (
			);
			runOnlyForDeploymentPostprocessing = 0;
		};
/* End PBXResourcesBuildPhase section */

/* Begin PBXSourcesBuildPhase section */
		CBE8B0561A0046160040F184 /* Sources */ = {
			isa = PBXSourcesBuildPhase;
			buildActionMask = 2147483647;
			files = (
				CBE8B0621A0046160040F184 /* ViewController.swift in Sources */,
				CBE8B0861A004FCE0040F184 /* MacroViewController.swift in Sources */,
				CBE8B0601A0046160040F184 /* AppDelegate.swift in Sources */,
				CBE8B0821A004B730040F184 /* Macro.swift in Sources */,
				CBE8B0881A0052390040F184 /* Goal.swift in Sources */,
			);
			runOnlyForDeploymentPostprocessing = 0;
		};
		CBE8B06B1A0046160040F184 /* Sources */ = {
			isa = PBXSourcesBuildPhase;
			buildActionMask = 2147483647;
			files = (
				CBE8B0761A0046160040F184 /* MacrocalcTests.swift in Sources */,
			);
			runOnlyForDeploymentPostprocessing = 0;
		};
/* End PBXSourcesBuildPhase section */

/* Begin PBXTargetDependency section */
		CBE8B0711A0046160040F184 /* PBXTargetDependency */ = {
			isa = PBXTargetDependency;
			target = CBE8B0591A0046160040F184 /* Macrocalc */;
			targetProxy = CBE8B0701A0046160040F184 /* PBXContainerItemProxy */;
		};
/* End PBXTargetDependency section */

/* Begin PBXVariantGroup section */
		CBE8B0631A0046160040F184 /* Main.storyboard */ = {
			isa = PBXVariantGroup;
			children = (
				CBE8B0641A0046160040F184 /* Base */,
			);
			name = Main.storyboard;
			sourceTree = "<group>";
		};
		CBE8B0681A0046160040F184 /* LaunchScreen.xib */ = {
			isa = PBXVariantGroup;
			children = (
				CBE8B0691A0046160040F184 /* Base */,
			);
			name = LaunchScreen.xib;
			sourceTree = "<group>";
		};
/* End PBXVariantGroup section */

/* Begin XCBuildConfiguration section */
		CBE8B0771A0046160040F184 /* Debug */ = {
			isa = XCBuildConfiguration;
			buildSettings = {
				ALWAYS_SEARCH_USER_PATHS = NO;
				CLANG_CXX_LANGUAGE_STANDARD = "gnu++0x";
				CLANG_CXX_LIBRARY = "libc++";
				CLANG_ENABLE_MODULES = YES;
				CLANG_ENABLE_OBJC_ARC = YES;
				CLANG_WARN_BOOL_CONVERSION = YES;
				CLANG_WARN_CONSTANT_CONVERSION = YES;
				CLANG_WARN_DIRECT_OBJC_ISA_USAGE = YES_ERROR;
				CLANG_WARN_EMPTY_BODY = YES;
				CLANG_WARN_ENUM_CONVERSION = YES;
				CLANG_WARN_INT_CONVERSION = YES;
				CLANG_WARN_OBJC_ROOT_CLASS = YES_ERROR;
				CLANG_WARN_UNREACHABLE_CODE = YES;
				CLANG_WARN__DUPLICATE_METHOD_MATCH = YES;
				"CODE_SIGN_IDENTITY[sdk=iphoneos*]" = "iPhone Developer";
				COPY_PHASE_STRIP = NO;
				ENABLE_STRICT_OBJC_MSGSEND = YES;
				GCC_C_LANGUAGE_STANDARD = gnu99;
				GCC_DYNAMIC_NO_PIC = NO;
				GCC_OPTIMIZATION_LEVEL = 0;
				GCC_PREPROCESSOR_DEFINITIONS = (
					"DEBUG=1",
					"$(inherited)",
				);
				GCC_SYMBOLS_PRIVATE_EXTERN = NO;
				GCC_WARN_64_TO_32_BIT_CONVERSION = YES;
				GCC_WARN_ABOUT_RETURN_TYPE = YES_ERROR;
				GCC_WARN_UNDECLARED_SELECTOR = YES;
				GCC_WARN_UNINITIALIZED_AUTOS = YES_AGGRESSIVE;
				GCC_WARN_UNUSED_FUNCTION = YES;
				GCC_WARN_UNUSED_VARIABLE = YES;
				IPHONEOS_DEPLOYMENT_TARGET = 8.1;
				MTL_ENABLE_DEBUG_INFO = YES;
				ONLY_ACTIVE_ARCH = YES;
				SDKROOT = iphoneos;
				SWIFT_OPTIMIZATION_LEVEL = "-Onone";
				TARGETED_DEVICE_FAMILY = "1,2";
			};
			name = Debug;
		};
		CBE8B0781A0046160040F184 /* Release */ = {
			isa = XCBuildConfiguration;
			buildSettings = {
				ALWAYS_SEARCH_USER_PATHS = NO;
				CLANG_CXX_LANGUAGE_STANDARD = "gnu++0x";
				CLANG_CXX_LIBRARY = "libc++";
				CLANG_ENABLE_MODULES = YES;
				CLANG_ENABLE_OBJC_ARC = YES;
				CLANG_WARN_BOOL_CONVERSION = YES;
				CLANG_WARN_CONSTANT_CONVERSION = YES;
				CLANG_WARN_DIRECT_OBJC_ISA_USAGE = YES_ERROR;
				CLANG_WARN_EMPTY_BODY = YES;
				CLANG_WARN_ENUM_CONVERSION = YES;
				CLANG_WARN_INT_CONVERSION = YES;
				CLANG_WARN_OBJC_ROOT_CLASS = YES_ERROR;
				CLANG_WARN_UNREACHABLE_CODE = YES;
				CLANG_WARN__DUPLICATE_METHOD_MATCH = YES;
				"CODE_SIGN_IDENTITY[sdk=iphoneos*]" = "iPhone Developer";
				COPY_PHASE_STRIP = YES;
				ENABLE_NS_ASSERTIONS = NO;
				ENABLE_STRICT_OBJC_MSGSEND = YES;
				GCC_C_LANGUAGE_STANDARD = gnu99;
				GCC_WARN_64_TO_32_BIT_CONVERSION = YES;
				GCC_WARN_ABOUT_RETURN_TYPE = YES_ERROR;
				GCC_WARN_UNDECLARED_SELECTOR = YES;
				GCC_WARN_UNINITIALIZED_AUTOS = YES_AGGRESSIVE;
				GCC_WARN_UNUSED_FUNCTION = YES;
				GCC_WARN_UNUSED_VARIABLE = YES;
				IPHONEOS_DEPLOYMENT_TARGET = 8.1;
				MTL_ENABLE_DEBUG_INFO = NO;
				SDKROOT = iphoneos;
				TARGETED_DEVICE_FAMILY = "1,2";
				VALIDATE_PRODUCT = YES;
			};
			name = Release;
		};
		CBE8B07A1A0046160040F184 /* Debug */ = {
			isa = XCBuildConfiguration;
			buildSettings = {
				ASSETCATALOG_COMPILER_APPICON_NAME = AppIcon;
				INFOPLIST_FILE = Macrocalc/Info.plist;
				LD_RUNPATH_SEARCH_PATHS = "$(inherited) @executable_path/Frameworks";
				PRODUCT_NAME = "$(TARGET_NAME)";
			};
			name = Debug;
		};
		CBE8B07B1A0046160040F184 /* Release */ = {
			isa = XCBuildConfiguration;
			buildSettings = {
				ASSETCATALOG_COMPILER_APPICON_NAME = AppIcon;
				INFOPLIST_FILE = Macrocalc/Info.plist;
				LD_RUNPATH_SEARCH_PATHS = "$(inherited) @executable_path/Frameworks";
				PRODUCT_NAME = "$(TARGET_NAME)";
			};
			name = Release;
		};
		CBE8B07D1A0046160040F184 /* Debug */ = {
			isa = XCBuildConfiguration;
			buildSettings = {
				BUNDLE_LOADER = "$(TEST_HOST)";
				FRAMEWORK_SEARCH_PATHS = (
					"$(SDKROOT)/Developer/Library/Frameworks",
					"$(inherited)",
				);
				GCC_PREPROCESSOR_DEFINITIONS = (
					"DEBUG=1",
					"$(inherited)",
				);
				INFOPLIST_FILE = MacrocalcTests/Info.plist;
				LD_RUNPATH_SEARCH_PATHS = "$(inherited) @executable_path/Frameworks @loader_path/Frameworks";
				PRODUCT_NAME = "$(TARGET_NAME)";
				TEST_HOST = "$(BUILT_PRODUCTS_DIR)/Macrocalc.app/Macrocalc";
			};
			name = Debug;
		};
		CBE8B07E1A0046160040F184 /* Release */ = {
			isa = XCBuildConfiguration;
			buildSettings = {
				BUNDLE_LOADER = "$(TEST_HOST)";
				FRAMEWORK_SEARCH_PATHS = (
					"$(SDKROOT)/Developer/Library/Frameworks",
					"$(inherited)",
				);
				INFOPLIST_FILE = MacrocalcTests/Info.plist;
				LD_RUNPATH_SEARCH_PATHS = "$(inherited) @executable_path/Frameworks @loader_path/Frameworks";
				PRODUCT_NAME = "$(TARGET_NAME)";
				TEST_HOST = "$(BUILT_PRODUCTS_DIR)/Macrocalc.app/Macrocalc";
			};
			name = Release;
		};
/* End XCBuildConfiguration section */

/* Begin XCConfigurationList section */
		CBE8B0551A0046160040F184 /* Build configuration list for PBXProject "Macrocalc" */ = {
			isa = XCConfigurationList;
			buildConfigurations = (
				CBE8B0771A0046160040F184 /* Debug */,
				CBE8B0781A0046160040F184 /* Release */,
			);
			defaultConfigurationIsVisible = 0;
			defaultConfigurationName = Release;
		};
		CBE8B0791A0046160040F184 /* Build configuration list for PBXNativeTarget "Macrocalc" */ = {
			isa = XCConfigurationList;
			buildConfigurations = (
				CBE8B07A1A0046160040F184 /* Debug */,
				CBE8B07B1A0046160040F184 /* Release */,
			);
			defaultConfigurationIsVisible = 0;
		};
		CBE8B07C1A0046160040F184 /* Build configuration list for PBXNativeTarget "MacrocalcTests" */ = {
			isa = XCConfigurationList;
			buildConfigurations = (
				CBE8B07D1A0046160040F184 /* Debug */,
				CBE8B07E1A0046160040F184 /* Release */,
			);
			defaultConfigurationIsVisible = 0;
		};
/* End XCConfigurationList section */
	};
	rootObject = CBE8B0521A0046160040F184 /* Project object */;
}
